
Microsoft Visual Studio Solution File, Format Version 12.00
Project("{FAE04EC0-301F-11D3-BF4B-00C04F79EFBC}") = "Mission5AssignmentHobby", "Mission5AssignmentHobby\Mission5AssignmentHobby.csproj", "{0298CB1F-550E-4B61-9352-88F5ACE5F30F}"
EndProject
Global
	GlobalSection(SolutionConfigurationPlatforms) = preSolution
		Debug|Any CPU = Debug|Any CPU
		Release|Any CPU = Release|Any CPU
	EndGlobalSection
	GlobalSection(ProjectConfigurationPlatforms) = postSolution
		{0298CB1F-550E-4B61-9352-88F5ACE5F30F}.Debug|Any CPU.ActiveCfg = Debug|Any CPU
		{0298CB1F-550E-4B61-9352-88F5ACE5F30F}.Debug|Any CPU.Build.0 = Debug|Any CPU
		{0298CB1F-550E-4B61-9352-88F5ACE5F30F}.Release|Any CPU.ActiveCfg = Release|Any CPU
		{0298CB1F-550E-4B61-9352-88F5ACE5F30F}.Release|Any CPU.Build.0 = Release|Any CPU
	EndGlobalSection
EndGlobal
